
Microsoft Visual Studio Solution File, Format Version 12.00
# Visual Studio Version 16
VisualStudioVersion = 16.0.31105.61
MinimumVisualStudioVersion = 10.0.40219.1
Project("{FAE04EC0-301F-11D3-BF4B-00C04F79EFBC}") = "Sorting", "Sorting\Sorting.csproj", "{F687D905-73B9-45FA-A2A3-6A920047A480}"
EndProject
Global
	GlobalSection(SolutionConfigurationPlatforms) = preSolution
		Debug|Any CPU = Debug|Any CPU
		Release|Any CPU = Release|Any CPU
	EndGlobalSection
	GlobalSection(ProjectConfigurationPlatforms) = postSolution
		{F687D905-73B9-45FA-A2A3-6A920047A480}.Debug|Any CPU.ActiveCfg = Debug|Any CPU
		{F687D905-73B9-45FA-A2A3-6A920047A480}.Debug|Any CPU.Build.0 = Debug|Any CPU
		{F687D905-73B9-45FA-A2A3-6A920047A480}.Release|Any CPU.ActiveCfg = Release|Any CPU
		{F687D905-73B9-45FA-A2A3-6A920047A480}.Release|Any CPU.Build.0 = Release|Any CPU
	EndGlobalSection
	GlobalSection(SolutionProperties) = preSolution
		HideSolutionNode = FALSE
	EndGlobalSection
	GlobalSection(ExtensibilityGlobals) = postSolution
		SolutionGuid = {77875517-C4AC-4BAF-9EEA-785CA30F40AD}
	EndGlobalSection
EndGlobal
